
Microsoft Visual Studio Solution File, Format Version 12.00
# Visual Studio 15
VisualStudioVersion = 15.0.28307.421
MinimumVisualStudioVersion = 10.0.40219.1
Project("{FAE04EC0-301F-11D3-BF4B-00C04F79EFBC}") = "PasswordEncryptionTest", "PasswordEncryptionTest\PasswordEncryptionTest.csproj", "{44CDD67B-0110-44BF-AF4E-31B46B4BA859}"
EndProject
Global
	GlobalSection(SolutionConfigurationPlatforms) = preSolution
		Debug|Any CPU = Debug|Any CPU
		Release|Any CPU = Release|Any CPU
	EndGlobalSection
	GlobalSection(ProjectConfigurationPlatforms) = postSolution
		{44CDD67B-0110-44BF-AF4E-31B46B4BA859}.Debug|Any CPU.ActiveCfg = Debug|Any CPU
		{44CDD67B-0110-44BF-AF4E-31B46B4BA859}.Debug|Any CPU.Build.0 = Debug|Any CPU
		{44CDD67B-0110-44BF-AF4E-31B46B4BA859}.Release|Any CPU.ActiveCfg = Release|Any CPU
		{44CDD67B-0110-44BF-AF4E-31B46B4BA859}.Release|Any CPU.Build.0 = Release|Any CPU
	EndGlobalSection
	GlobalSection(SolutionProperties) = preSolution
		HideSolutionNode = FALSE
	EndGlobalSection
	GlobalSection(ExtensibilityGlobals) = postSolution
		SolutionGuid = {3288D150-1944-407F-91B5-F0858ED45AE2}
	EndGlobalSection
EndGlobal
